
Microsoft Visual Studio Solution File, Format Version 12.00
Project("{FAE04EC0-301F-11D3-BF4B-00C04F79EFBC}") = "ApplicationTest", "ApplicationTest\ApplicationTest.csproj", "{0049DD26-9A67-4EAE-80EE-E4864580CAB7}"
EndProject
Project("{FAE04EC0-301F-11D3-BF4B-00C04F79EFBC}") = "Framework", "Framework\Framework.csproj", "{FA5B9FAD-EF8A-40FB-A981-1D0953BB0E04}"
EndProject
Global
	GlobalSection(SolutionConfigurationPlatforms) = preSolution
		Debug|Any CPU = Debug|Any CPU
		Release|Any CPU = Release|Any CPU
	EndGlobalSection
	GlobalSection(ProjectConfigurationPlatforms) = postSolution
		{0049DD26-9A67-4EAE-80EE-E4864580CAB7}.Debug|Any CPU.ActiveCfg = Debug|Any CPU
		{0049DD26-9A67-4EAE-80EE-E4864580CAB7}.Debug|Any CPU.Build.0 = Debug|Any CPU
		{0049DD26-9A67-4EAE-80EE-E4864580CAB7}.Release|Any CPU.ActiveCfg = Release|Any CPU
		{0049DD26-9A67-4EAE-80EE-E4864580CAB7}.Release|Any CPU.Build.0 = Release|Any CPU
		{FA5B9FAD-EF8A-40FB-A981-1D0953BB0E04}.Debug|Any CPU.ActiveCfg = Debug|Any CPU
		{FA5B9FAD-EF8A-40FB-A981-1D0953BB0E04}.Debug|Any CPU.Build.0 = Debug|Any CPU
		{FA5B9FAD-EF8A-40FB-A981-1D0953BB0E04}.Release|Any CPU.ActiveCfg = Release|Any CPU
		{FA5B9FAD-EF8A-40FB-A981-1D0953BB0E04}.Release|Any CPU.Build.0 = Release|Any CPU
	EndGlobalSection
EndGlobal
